<?xml version="1.0" encoding="utf-8"?>
<Project ToolsVersion="4.0" xmlns="http://schemas.microsoft.com/developer/msbuild/2003">
  <ItemGroup>
    <Filter Include="Zdrojové soubory">
      <UniqueIdentifier>{4FC737F1-C7A5-4376-A066-2A32D752A2FF}</UniqueIdentifier>
      <Extensions>cpp;c;cc;cxx;c++;cppm;ixx;def;odl;idl;hpj;bat;asm;asmx</Extensions>
    </Filter>
    <Filter Include="Hlavičkové soubory">
      <UniqueIdentifier>{93995380-89BD-4b04-88EB-625FBE52EBFB}</UniqueIdentifier>
      <Extensions>h;hh;hpp;hxx;h++;hm;inl;inc;ipp;xsd</Extensions>
    </Filter>
    <Filter Include="Soubory zdrojů">
      <UniqueIdentifier>{67DA6AB6-F800-4c08-8B7A-83BB121AAD01}</UniqueIdentifier>
      <Extensions>rc;ico;cur;bmp;dlg;rc2;rct;bin;rgs;gif;jpg;jpeg;jpe;resx;tiff;tif;png;wav;mfcribbon-ms</Extensions>
    </Filter>
    <Filter Include="Hlavičkové soubory\models">
      <UniqueIdentifier>{0abe77f6-5353-4ec2-a715-41f5bb9c1fee}</UniqueIdentifier>
    </Filter>
    <Filter Include="Hlavičkové soubory\Objects">
      <UniqueIdentifier>{5da53d26-c51e-4368-b7d1-0aae577bfd58}</UniqueIdentifier>
    </Filter>
    <Filter Include="Zdrojové soubory\Objects">
      <UniqueIdentifier>{396ee384-59bb-4d94-8e28-29be97f0813a}</UniqueIdentifier>
    </Filter>
    <Filter Include="Soubory zdrojů\Textures">
      <UniqueIdentifier>{e38ff645-2b1e-4810-84e0-21faaf3d8ffe}</UniqueIdentifier>
    </Filter>
    <Filter Include="Soubory zdrojů\Textures\cubemap_sky">
      <UniqueIdentifier>{89f5cfa0-190d-4006-beab-e6e7dfd98ae1}</UniqueIdentifier>
    </Filter>
    <Filter Include="Hlavičkové soubory\Lights">
      <UniqueIdentifier>{f9d97fb0-3402-4633-a8e3-308ee8ef3a93}</UniqueIdentifier>
    </Filter>
  </ItemGroup>
  <ItemGroup>
    <ClCompile Include="main.cpp">
      <Filter>Zdrojové soubory</Filter>
    </ClCompile>
    <ClCompile Include="Window.cpp">
      <Filter>Zdrojové soubory</Filter>
    </ClCompile>
    <ClCompile Include="Aplikace.cpp">
      <Filter>Zdrojové soubory</Filter>
    </ClCompile>
    <ClCompile Include="Shader.cpp">
      <Filter>Zdrojové soubory</Filter>
    </ClCompile>
    <ClCompile Include="Scene.cpp">
      <Filter>Zdrojové soubory</Filter>
    </ClCompile>
    <ClCompile Include="Renderer.cpp">
      <Filter>Zdrojové soubory</Filter>
    </ClCompile>
    <ClCompile Include="Translator.cpp">
      <Filter>Zdrojové soubory</Filter>
    </ClCompile>
    <ClCompile Include="Camera.cpp">
      <Filter>Zdrojové soubory</Filter>
    </ClCompile>
    <ClCompile Include="ShaderLoader.cpp">
      <Filter>Zdrojové soubory</Filter>
    </ClCompile>
    <ClCompile Include="ObjectFactory.cpp">
      <Filter>Zdrojové soubory</Filter>
    </ClCompile>
    <ClCompile Include="Trinagle.cpp">
      <Filter>Zdrojové soubory\Objects</Filter>
    </ClCompile>
    <ClCompile Include="AbsObject.cpp">
      <Filter>Zdrojové soubory\Objects</Filter>
    </ClCompile>
    <ClCompile Include="Light.cpp">
      <Filter>Zdrojové soubory</Filter>
    </ClCompile>
    <ClCompile Include="ShaderFactory.cpp">
      <Filter>Zdrojové soubory</Filter>
    </ClCompile>
    <ClCompile Include="TextureManager.cpp">
      <Filter>Zdrojové soubory</Filter>
    </ClCompile>
    <ClCompile Include="Textura.cpp">
      <Filter>Zdrojové soubory</Filter>
    </ClCompile>
    <ClCompile Include="Cubemap.cpp">
      <Filter>Zdrojové soubory</Filter>
    </ClCompile>
    <ClCompile Include="LightFactory.cpp">
      <Filter>Zdrojové soubory</Filter>
    </ClCompile>
    <ClCompile Include="Spotlight.cpp">
      <Filter>Zdrojové soubory</Filter>
    </ClCompile>
    <ClCompile Include="PointLight.cpp">
      <Filter>Zdrojové soubory</Filter>
    </ClCompile>
    <ClCompile Include="AsimpLoader.cpp">
      <Filter>Zdrojové soubory</Filter>
    </ClCompile>
    <ClCompile Include="Enemy.cpp">
      <Filter>Zdrojové soubory</Filter>
    </ClCompile>
  </ItemGroup>
  <ItemGroup>
    <ClInclude Include="Window.h">
      <Filter>Hlavičkové soubory</Filter>
    </ClInclude>
    <ClInclude Include="Aplikace.h">
      <Filter>Hlavičkové soubory</Filter>
    </ClInclude>
    <ClInclude Include="Shader.h">
      <Filter>Hlavičkové soubory</Filter>
    </ClInclude>
    <ClInclude Include="Scene.h">
      <Filter>Hlavičkové soubory</Filter>
    </ClInclude>
    <ClInclude Include="Renderer.h">
      <Filter>Hlavičkové soubory</Filter>
    </ClInclude>
    <ClInclude Include="Translator.h">
      <Filter>Hlavičkové soubory</Filter>
    </ClInclude>
    <ClInclude Include="Camera.h">
      <Filter>Hlavičkové soubory</Filter>
    </ClInclude>
    <ClInclude Include="plain.h">
      <Filter>Hlavičkové soubory\models</Filter>
    </ClInclude>
    <ClInclude Include="sphere.h">
      <Filter>Hlavičkové soubory\models</Filter>
    </ClInclude>
    <ClInclude Include="suzi_flat.h">
      <Filter>Hlavičkové soubory\models</Filter>
    </ClInclude>
    <ClInclude Include="suzi_smooth.h">
      <Filter>Hlavičkové soubory\models</Filter>
    </ClInclude>
    <ClInclude Include="Cube.h">
      <Filter>Hlavičkové soubory\models</Filter>
    </ClInclude>
    <ClInclude Include="ShaderLoader.h">
      <Filter>Hlavičkové soubory</Filter>
    </ClInclude>
    <ClInclude Include="ObjectFactory.h">
      <Filter>Hlavičkové soubory</Filter>
    </ClInclude>
    <ClInclude Include="Triangle.h">
      <Filter>Hlavičkové soubory\Objects</Filter>
    </ClInclude>
    <ClInclude Include="AbsObject.h">
      <Filter>Hlavičkové soubory\Objects</Filter>
    </ClInclude>
    <ClInclude Include="gift.h">
      <Filter>Hlavičkové soubory\models</Filter>
    </ClInclude>
    <ClInclude Include="bushes.h">
      <Filter>Hlavičkové soubory\models</Filter>
    </ClInclude>
    <ClInclude Include="tree.h">
      <Filter>Hlavičkové soubory\models</Filter>
    </ClInclude>
    <ClInclude Include="ShaderFactory.h">
      <Filter>Hlavičkové soubory</Filter>
    </ClInclude>
    <ClInclude Include="plain2.h">
      <Filter>Hlavičkové soubory\models</Filter>
    </ClInclude>
    <ClInclude Include="TextureManager.h">
      <Filter>Hlavičkové soubory</Filter>
    </ClInclude>
    <ClInclude Include="sky.h">
      <Filter>Hlavičkové soubory\models</Filter>
    </ClInclude>
    <ClInclude Include="Textura.h">
      <Filter>Hlavičkové soubory</Filter>
    </ClInclude>
    <ClInclude Include="Cubemap.h">
      <Filter>Hlavičkové soubory</Filter>
    </ClInclude>
    <ClInclude Include="sky2.0.h">
      <Filter>Hlavičkové soubory\models</Filter>
    </ClInclude>
    <ClInclude Include="LightFactory.h">
      <Filter>Hlavičkové soubory</Filter>
    </ClInclude>
    <ClInclude Include="Light.h">
      <Filter>Hlavičkové soubory\Lights</Filter>
    </ClInclude>
    <ClInclude Include="Spotlight.h">
      <Filter>Hlavičkové soubory\Lights</Filter>
    </ClInclude>
    <ClInclude Include="PointLight.h">
      <Filter>Hlavičkové soubory\Lights</Filter>
    </ClInclude>
    <ClInclude Include="AsimpLoader.h">
      <Filter>Hlavičkové soubory</Filter>
    </ClInclude>
    <ClInclude Include="Enemy.h">
      <Filter>Hlavičkové soubory</Filter>
    </ClInclude>
  </ItemGroup>
  <ItemGroup>
    <None Include="Constant.vs">
      <Filter>Soubory zdrojů</Filter>
    </None>
    <None Include="Constant.fs">
      <Filter>Soubory zdrojů</Filter>
    </None>
    <None Include="Phong.vs">
      <Filter>Soubory zdrojů</Filter>
    </None>
    <None Include="Phong.fs">
      <Filter>Soubory zdrojů</Filter>
    </None>
    <None Include="lambert.vs">
      <Filter>Soubory zdrojů</Filter>
    </None>
    <None Include="lambert.fs">
      <Filter>Soubory zdrojů</Filter>
    </None>
    <None Include="texture.fs">
      <Filter>Soubory zdrojů</Filter>
    </None>
    <None Include="texture.vs">
      <Filter>Soubory zdrojů</Filter>
    </None>
    <None Include="sky.fs">
      <Filter>Soubory zdrojů</Filter>
    </None>
    <None Include="sky.vs">
      <Filter>Soubory zdrojů</Filter>
    </None>
    <None Include="new.fs">
      <Filter>Soubory zdrojů\Textures</Filter>
    </None>
    <None Include="new_point.fs">
      <Filter>Soubory zdrojů</Filter>
    </None>
    <None Include="new_spot.fs">
      <Filter>Soubory zdrojů</Filter>
    </None>
    <None Include="sky2.fs">
      <Filter>Soubory zdrojů</Filter>
    </None>
    <None Include="texture_cube.vs">
      <Filter>Soubory zdrojů</Filter>
    </None>
    <None Include="texture_cube.fs">
      <Filter>Soubory zdrojů</Filter>
    </None>
    <None Include="new_phong.vs">
      <Filter>Soubory zdrojů</Filter>
    </None>
    <None Include="new_phong.fs">
      <Filter>Soubory zdrojů</Filter>
    </None>
    <None Include="final_phong.vs">
      <Filter>Soubory zdrojů</Filter>
    </None>
    <None Include="final_phong.fs">
      <Filter>Soubory zdrojů</Filter>
    </None>
  </ItemGroup>
  <ItemGroup>
    <Image Include="negx.jpg">
      <Filter>Soubory zdrojů\Textures\cubemap_sky</Filter>
    </Image>
    <Image Include="negz.jpg">
      <Filter>Soubory zdrojů\Textures\cubemap_sky</Filter>
    </Image>
    <Image Include="negy.jpg">
      <Filter>Soubory zdrojů\Textures\cubemap_sky</Filter>
    </Image>
    <Image Include="posx.jpg">
      <Filter>Soubory zdrojů\Textures\cubemap_sky</Filter>
    </Image>
    <Image Include="posy.jpg">
      <Filter>Soubory zdrojů\Textures\cubemap_sky</Filter>
    </Image>
    <Image Include="posz.jpg">
      <Filter>Soubory zdrojů\Textures\cubemap_sky</Filter>
    </Image>
    <Image Include="..\..\test.png">
      <Filter>Soubory zdrojů\Textures</Filter>
    </Image>
  </ItemGroup>
</Project>